
Microsoft Visual Studio Solution File, Format Version 12.00
# Visual Studio Version 17
VisualStudioVersion = 17.14.36623.8 d17.14
MinimumVisualStudioVersion = 10.0.40219.1
Project("{FAE04EC0-301F-11D3-BF4B-00C04F79EFBC}") = "ConsoleApp3", "ConsoleApp3\ConsoleApp3.csproj", "{860E0EF8-8CA5-491A-B75A-72904000E183}"
EndProject
Global
	GlobalSection(SolutionConfigurationPlatforms) = preSolution
		Debug|Any CPU = Debug|Any CPU
		Release|Any CPU = Release|Any CPU
	EndGlobalSection
	GlobalSection(ProjectConfigurationPlatforms) = postSolution
		{860E0EF8-8CA5-491A-B75A-72904000E183}.Debug|Any CPU.ActiveCfg = Debug|Any CPU
		{860E0EF8-8CA5-491A-B75A-72904000E183}.Debug|Any CPU.Build.0 = Debug|Any CPU
		{860E0EF8-8CA5-491A-B75A-72904000E183}.Release|Any CPU.ActiveCfg = Release|Any CPU
		{860E0EF8-8CA5-491A-B75A-72904000E183}.Release|Any CPU.Build.0 = Release|Any CPU
	EndGlobalSection
	GlobalSection(SolutionProperties) = preSolution
		HideSolutionNode = FALSE
	EndGlobalSection
	GlobalSection(ExtensibilityGlobals) = postSolution
		SolutionGuid = {B51F15F7-0D16-408C-BA10-50E964D49860}
	EndGlobalSection
EndGlobal
